// !$*UTF8*$!
{
	archiveVersion = 1;
	classes = {
	};
	objectVersion = 56;
	objects = {

/* Begin PBXBuildFile section */
		DD1A3E5F2B2F14A40060B4E5 /* APIService.swift in Sources */ = {isa = PBXBuildFile; fileRef = DD1A3E5E2B2F14A40060B4E5 /* APIService.swift */; };
		DD1A3E612B30DB870060B4E5 /* FetchState.swift in Sources */ = {isa = PBXBuildFile; fileRef = DD1A3E602B30DB870060B4E5 /* FetchState.swift */; };
		DD1A3E632B30DBE20060B4E5 /* SongListViewModel.swift in Sources */ = {isa = PBXBuildFile; fileRef = DD1A3E622B30DBE20060B4E5 /* SongListViewModel.swift */; };
		DD1A3E652B30DD600060B4E5 /* MovieListViewModel.swift in Sources */ = {isa = PBXBuildFile; fileRef = DD1A3E642B30DD600060B4E5 /* MovieListViewModel.swift */; };
		DD1A3E6A2B30DFAC0060B4E5 /* MovieSearchListView.swift in Sources */ = {isa = PBXBuildFile; fileRef = DD1A3E692B30DFAC0060B4E5 /* MovieSearchListView.swift */; };
		DD1A3E6C2B30E0940060B4E5 /* MovieListView.swift in Sources */ = {isa = PBXBuildFile; fileRef = DD1A3E6B2B30E0940060B4E5 /* MovieListView.swift */; };
		DD1A3EBE2B52BF720060B4E5 /* MovieSectionView.swift in Sources */ = {isa = PBXBuildFile; fileRef = DD1A3EBD2B52BF720060B4E5 /* MovieSectionView.swift */; };
		DD1A3EC02B5420530060B4E5 /* SongSectionView.swift in Sources */ = {isa = PBXBuildFile; fileRef = DD1A3EBF2B5420530060B4E5 /* SongSectionView.swift */; };
		DD1A3EC22B5427E60060B4E5 /* AlbumSectionView.swift in Sources */ = {isa = PBXBuildFile; fileRef = DD1A3EC12B5427E60060B4E5 /* AlbumSectionView.swift */; };
		DD35E4E42AF7D2B6005690F9 /* APIError.swift in Sources */ = {isa = PBXBuildFile; fileRef = DD35E4E32AF7D2B6005690F9 /* APIError.swift */; };
		DE32FB992B514E9900E57558 /* PriceTag.swift in Sources */ = {isa = PBXBuildFile; fileRef = DE32FB982B514E9900E57558 /* PriceTag.swift */; };
		DE32FB9B2B514FDC00E57558 /* ItemInfo.swift in Sources */ = {isa = PBXBuildFile; fileRef = DE32FB9A2B514FDC00E57558 /* ItemInfo.swift */; };
		DE32FB9D2B5180E800E57558 /* AsyncPhoto.swift in Sources */ = {isa = PBXBuildFile; fileRef = DE32FB9C2B5180E800E57558 /* AsyncPhoto.swift */; };
		DE43A0BD2AEA7CAA00F698F8 /* iTunesSearch_SwiftUIApp.swift in Sources */ = {isa = PBXBuildFile; fileRef = DE43A0BC2AEA7CAA00F698F8 /* iTunesSearch_SwiftUIApp.swift */; };
		DE43A0BF2AEA7CAA00F698F8 /* ContentView.swift in Sources */ = {isa = PBXBuildFile; fileRef = DE43A0BE2AEA7CAA00F698F8 /* ContentView.swift */; };
		DE43A0C12AEA7CAB00F698F8 /* Assets.xcassets in Resources */ = {isa = PBXBuildFile; fileRef = DE43A0C02AEA7CAB00F698F8 /* Assets.xcassets */; };
		DE43A0C42AEA7CAB00F698F8 /* Preview Assets.xcassets in Resources */ = {isa = PBXBuildFile; fileRef = DE43A0C32AEA7CAB00F698F8 /* Preview Assets.xcassets */; };
		DE43A0CE2AEA820200F698F8 /* Album.swift in Sources */ = {isa = PBXBuildFile; fileRef = DE43A0CD2AEA820200F698F8 /* Album.swift */; };
		DE43A0D02AEA830300F698F8 /* AlbumListViewModel.swift in Sources */ = {isa = PBXBuildFile; fileRef = DE43A0CF2AEA830300F698F8 /* AlbumListViewModel.swift */; };
		DE43A0D22AEA846000F698F8 /* Song.swift in Sources */ = {isa = PBXBuildFile; fileRef = DE43A0D12AEA846000F698F8 /* Song.swift */; };
		DE43A0D42AEA84A400F698F8 /* Movie.swift in Sources */ = {isa = PBXBuildFile; fileRef = DE43A0D32AEA84A400F698F8 /* Movie.swift */; };
		DE43A0D62AEA88E200F698F8 /* AlbumListView.swift in Sources */ = {isa = PBXBuildFile; fileRef = DE43A0D52AEA88E200F698F8 /* AlbumListView.swift */; };
		DE43A0DD2AEFEDE800F698F8 /* AlbumSearchView.swift in Sources */ = {isa = PBXBuildFile; fileRef = DE43A0DC2AEFEDE800F698F8 /* AlbumSearchView.swift */; };
		DEA1C3DC2B4BE0C40089FCAF /* SearchPlaceHolderView.swift in Sources */ = {isa = PBXBuildFile; fileRef = DEA1C3DB2B4BE0C40089FCAF /* SearchPlaceHolderView.swift */; };
		DEA2FBAC2B3DB4080027ED8E /* SearchView.swift in Sources */ = {isa = PBXBuildFile; fileRef = DEA2FBAB2B3DB4080027ED8E /* SearchView.swift */; };
		DEA2FBAE2B3DB4F10027ED8E /* EntityType.swift in Sources */ = {isa = PBXBuildFile; fileRef = DEA2FBAD2B3DB4F10027ED8E /* EntityType.swift */; };
		DEA2FBB02B4596140027ED8E /* SearchAllListView.swift in Sources */ = {isa = PBXBuildFile; fileRef = DEA2FBAF2B4596140027ED8E /* SearchAllListView.swift */; };
		DEA2FBB22B46F0090027ED8E /* SongListView.swift in Sources */ = {isa = PBXBuildFile; fileRef = DEA2FBB12B46F0090027ED8E /* SongListView.swift */; };
		DEA2FBB42B46F0390027ED8E /* SongSearchView.swift in Sources */ = {isa = PBXBuildFile; fileRef = DEA2FBB32B46F0390027ED8E /* SongSearchView.swift */; };
/* End PBXBuildFile section */

/* Begin PBXFileReference section */
		DD1A3E5E2B2F14A40060B4E5 /* APIService.swift */ = {isa = PBXFileReference; lastKnownFileType = sourcecode.swift; path = APIService.swift; sourceTree = "<group>"; };
		DD1A3E602B30DB870060B4E5 /* FetchState.swift */ = {isa = PBXFileReference; lastKnownFileType = sourcecode.swift; path = FetchState.swift; sourceTree = "<group>"; };
		DD1A3E622B30DBE20060B4E5 /* SongListViewModel.swift */ = {isa = PBXFileReference; lastKnownFileType = sourcecode.swift; path = SongListViewModel.swift; sourceTree = "<group>"; };
		DD1A3E642B30DD600060B4E5 /* MovieListViewModel.swift */ = {isa = PBXFileReference; lastKnownFileType = sourcecode.swift; path = MovieListViewModel.swift; sourceTree = "<group>"; };
		DD1A3E692B30DFAC0060B4E5 /* MovieSearchListView.swift */ = {isa = PBXFileReference; lastKnownFileType = sourcecode.swift; path = MovieSearchListView.swift; sourceTree = "<group>"; };
		DD1A3E6B2B30E0940060B4E5 /* MovieListView.swift */ = {isa = PBXFileReference; lastKnownFileType = sourcecode.swift; path = MovieListView.swift; sourceTree = "<group>"; };
		DD1A3EBD2B52BF720060B4E5 /* MovieSectionView.swift */ = {isa = PBXFileReference; lastKnownFileType = sourcecode.swift; path = MovieSectionView.swift; sourceTree = "<group>"; };
		DD1A3EBF2B5420530060B4E5 /* SongSectionView.swift */ = {isa = PBXFileReference; lastKnownFileType = sourcecode.swift; path = SongSectionView.swift; sourceTree = "<group>"; };
		DD1A3EC12B5427E60060B4E5 /* AlbumSectionView.swift */ = {isa = PBXFileReference; lastKnownFileType = sourcecode.swift; path = AlbumSectionView.swift; sourceTree = "<group>"; };
		DD35E4E32AF7D2B6005690F9 /* APIError.swift */ = {isa = PBXFileReference; lastKnownFileType = sourcecode.swift; path = APIError.swift; sourceTree = "<group>"; };
		DE32FB982B514E9900E57558 /* PriceTag.swift */ = {isa = PBXFileReference; lastKnownFileType = sourcecode.swift; path = PriceTag.swift; sourceTree = "<group>"; };
		DE32FB9A2B514FDC00E57558 /* ItemInfo.swift */ = {isa = PBXFileReference; lastKnownFileType = sourcecode.swift; path = ItemInfo.swift; sourceTree = "<group>"; };
		DE32FB9C2B5180E800E57558 /* AsyncPhoto.swift */ = {isa = PBXFileReference; lastKnownFileType = sourcecode.swift; path = AsyncPhoto.swift; sourceTree = "<group>"; };
		DE43A0B92AEA7CAA00F698F8 /* iTunesSearch-SwiftUI.app */ = {isa = PBXFileReference; explicitFileType = wrapper.application; includeInIndex = 0; path = "iTunesSearch-SwiftUI.app"; sourceTree = BUILT_PRODUCTS_DIR; };
		DE43A0BC2AEA7CAA00F698F8 /* iTunesSearch_SwiftUIApp.swift */ = {isa = PBXFileReference; lastKnownFileType = sourcecode.swift; path = iTunesSearch_SwiftUIApp.swift; sourceTree = "<group>"; };
		DE43A0BE2AEA7CAA00F698F8 /* ContentView.swift */ = {isa = PBXFileReference; lastKnownFileType = sourcecode.swift; path = ContentView.swift; sourceTree = "<group>"; };
		DE43A0C02AEA7CAB00F698F8 /* Assets.xcassets */ = {isa = PBXFileReference; lastKnownFileType = folder.assetcatalog; path = Assets.xcassets; sourceTree = "<group>"; };
		DE43A0C32AEA7CAB00F698F8 /* Preview Assets.xcassets */ = {isa = PBXFileReference; lastKnownFileType = folder.assetcatalog; path = "Preview Assets.xcassets"; sourceTree = "<group>"; };
		DE43A0CD2AEA820200F698F8 /* Album.swift */ = {isa = PBXFileReference; lastKnownFileType = sourcecode.swift; path = Album.swift; sourceTree = "<group>"; };
		DE43A0CF2AEA830300F698F8 /* AlbumListViewModel.swift */ = {isa = PBXFileReference; lastKnownFileType = sourcecode.swift; path = AlbumListViewModel.swift; sourceTree = "<group>"; };
		DE43A0D12AEA846000F698F8 /* Song.swift */ = {isa = PBXFileReference; lastKnownFileType = sourcecode.swift; path = Song.swift; sourceTree = "<group>"; };
		DE43A0D32AEA84A400F698F8 /* Movie.swift */ = {isa = PBXFileReference; lastKnownFileType = sourcecode.swift; path = Movie.swift; sourceTree = "<group>"; };
		DE43A0D52AEA88E200F698F8 /* AlbumListView.swift */ = {isa = PBXFileReference; lastKnownFileType = sourcecode.swift; path = AlbumListView.swift; sourceTree = "<group>"; };
		DE43A0DC2AEFEDE800F698F8 /* AlbumSearchView.swift */ = {isa = PBXFileReference; lastKnownFileType = sourcecode.swift; path = AlbumSearchView.swift; sourceTree = "<group>"; };
		DEA1C3DB2B4BE0C40089FCAF /* SearchPlaceHolderView.swift */ = {isa = PBXFileReference; lastKnownFileType = sourcecode.swift; path = SearchPlaceHolderView.swift; sourceTree = "<group>"; };
		DEA2FBAB2B3DB4080027ED8E /* SearchView.swift */ = {isa = PBXFileReference; lastKnownFileType = sourcecode.swift; path = SearchView.swift; sourceTree = "<group>"; };
		DEA2FBAD2B3DB4F10027ED8E /* EntityType.swift */ = {isa = PBXFileReference; lastKnownFileType = sourcecode.swift; path = EntityType.swift; sourceTree = "<group>"; };
		DEA2FBAF2B4596140027ED8E /* SearchAllListView.swift */ = {isa = PBXFileReference; lastKnownFileType = sourcecode.swift; path = SearchAllListView.swift; sourceTree = "<group>"; };
		DEA2FBB12B46F0090027ED8E /* SongListView.swift */ = {isa = PBXFileReference; lastKnownFileType = sourcecode.swift; path = SongListView.swift; sourceTree = "<group>"; };
		DEA2FBB32B46F0390027ED8E /* SongSearchView.swift */ = {isa = PBXFileReference; lastKnownFileType = sourcecode.swift; path = SongSearchView.swift; sourceTree = "<group>"; };
/* End PBXFileReference section */

/* Begin PBXFrameworksBuildPhase section */
		DE43A0B62AEA7CAA00F698F8 /* Frameworks */ = {
			isa = PBXFrameworksBuildPhase;
			buildActionMask = 2147483647;
			files = (
			);
			runOnlyForDeploymentPostprocessing = 0;
		};
/* End PBXFrameworksBuildPhase section */

/* Begin PBXGroup section */
		DD1A3E662B30DF7D0060B4E5 /* Service */ = {
			isa = PBXGroup;
			children = (
				DD1A3E5E2B2F14A40060B4E5 /* APIService.swift */,
			);
			path = Service;
			sourceTree = "<group>";
		};
		DD1A3E672B30DF8A0060B4E5 /* Album */ = {
			isa = PBXGroup;
			children = (
				DE43A0D52AEA88E200F698F8 /* AlbumListView.swift */,
				DE43A0DC2AEFEDE800F698F8 /* AlbumSearchView.swift */,
				DD1A3EC12B5427E60060B4E5 /* AlbumSectionView.swift */,
			);
			path = Album;
			sourceTree = "<group>";
		};
		DD1A3E682B30DF940060B4E5 /* Movie */ = {
			isa = PBXGroup;
			children = (
				DD1A3E692B30DFAC0060B4E5 /* MovieSearchListView.swift */,
				DD1A3E6B2B30E0940060B4E5 /* MovieListView.swift */,
				DD1A3EBD2B52BF720060B4E5 /* MovieSectionView.swift */,
			);
			path = Movie;
			sourceTree = "<group>";
		};
		DE32FB972B514E8200E57558 /* Components */ = {
			isa = PBXGroup;
			children = (
				DE32FB982B514E9900E57558 /* PriceTag.swift */,
				DE32FB9A2B514FDC00E57558 /* ItemInfo.swift */,
				DE32FB9C2B5180E800E57558 /* AsyncPhoto.swift */,
			);
			path = Components;
			sourceTree = "<group>";
		};
		DE43A0B02AEA7CA900F698F8 = {
			isa = PBXGroup;
			children = (
				DE43A0BB2AEA7CAA00F698F8 /* iTunesSearch-SwiftUI */,
				DE43A0BA2AEA7CAA00F698F8 /* Products */,
			);
			sourceTree = "<group>";
		};
		DE43A0BA2AEA7CAA00F698F8 /* Products */ = {
			isa = PBXGroup;
			children = (
				DE43A0B92AEA7CAA00F698F8 /* iTunesSearch-SwiftUI.app */,
			);
			name = Products;
			sourceTree = "<group>";
		};
		DE43A0BB2AEA7CAA00F698F8 /* iTunesSearch-SwiftUI */ = {
			isa = PBXGroup;
			children = (
				DD1A3E662B30DF7D0060B4E5 /* Service */,
				DE43A0CC2AEA81E800F698F8 /* Model */,
				DE43A0CB2AEA81DF00F698F8 /* ViewModel */,
				DE43A0CA2AEA81DC00F698F8 /* View */,
				DE43A0BC2AEA7CAA00F698F8 /* iTunesSearch_SwiftUIApp.swift */,
				DE43A0BE2AEA7CAA00F698F8 /* ContentView.swift */,
				DE43A0C02AEA7CAB00F698F8 /* Assets.xcassets */,
				DE43A0C22AEA7CAB00F698F8 /* Preview Content */,
			);
			path = "iTunesSearch-SwiftUI";
			sourceTree = "<group>";
		};
		DE43A0C22AEA7CAB00F698F8 /* Preview Content */ = {
			isa = PBXGroup;
			children = (
				DE43A0C32AEA7CAB00F698F8 /* Preview Assets.xcassets */,
			);
			path = "Preview Content";
			sourceTree = "<group>";
		};
		DE43A0CA2AEA81DC00F698F8 /* View */ = {
			isa = PBXGroup;
			children = (
				DE32FB972B514E8200E57558 /* Components */,
				DEA2FBAA2B3DB3E20027ED8E /* Song */,
				DEA2FBA92B3DB3D90027ED8E /* Search */,
				DD1A3E682B30DF940060B4E5 /* Movie */,
				DD1A3E672B30DF8A0060B4E5 /* Album */,
			);
			path = View;
			sourceTree = "<group>";
		};
		DE43A0CB2AEA81DF00F698F8 /* ViewModel */ = {
			isa = PBXGroup;
			children = (
				DE43A0CF2AEA830300F698F8 /* AlbumListViewModel.swift */,
				DD1A3E622B30DBE20060B4E5 /* SongListViewModel.swift */,
				DD1A3E642B30DD600060B4E5 /* MovieListViewModel.swift */,
			);
			path = ViewModel;
			sourceTree = "<group>";
		};
		DE43A0CC2AEA81E800F698F8 /* Model */ = {
			isa = PBXGroup;
			children = (
				DE43A0CD2AEA820200F698F8 /* Album.swift */,
				DE43A0D12AEA846000F698F8 /* Song.swift */,
				DE43A0D32AEA84A400F698F8 /* Movie.swift */,
				DD35E4E32AF7D2B6005690F9 /* APIError.swift */,
				DD1A3E602B30DB870060B4E5 /* FetchState.swift */,
				DEA2FBAD2B3DB4F10027ED8E /* EntityType.swift */,
			);
			path = Model;
			sourceTree = "<group>";
		};
		DEA2FBA92B3DB3D90027ED8E /* Search */ = {
			isa = PBXGroup;
			children = (
				DEA2FBAB2B3DB4080027ED8E /* SearchView.swift */,
				DEA2FBAF2B4596140027ED8E /* SearchAllListView.swift */,
				DEA1C3DB2B4BE0C40089FCAF /* SearchPlaceHolderView.swift */,
			);
			path = Search;
			sourceTree = "<group>";
		};
		DEA2FBAA2B3DB3E20027ED8E /* Song */ = {
			isa = PBXGroup;
			children = (
				DEA2FBB12B46F0090027ED8E /* SongListView.swift */,
				DEA2FBB32B46F0390027ED8E /* SongSearchView.swift */,
				DD1A3EBF2B5420530060B4E5 /* SongSectionView.swift */,
			);
			path = Song;
			sourceTree = "<group>";
		};
/* End PBXGroup section */

/* Begin PBXNativeTarget section */
		DE43A0B82AEA7CAA00F698F8 /* iTunesSearch-SwiftUI */ = {
			isa = PBXNativeTarget;
			buildConfigurationList = DE43A0C72AEA7CAB00F698F8 /* Build configuration list for PBXNativeTarget "iTunesSearch-SwiftUI" */;
			buildPhases = (
				DE43A0B52AEA7CAA00F698F8 /* Sources */,
				DE43A0B62AEA7CAA00F698F8 /* Frameworks */,
				DE43A0B72AEA7CAA00F698F8 /* Resources */,
			);
			buildRules = (
			);
			dependencies = (
			);
			name = "iTunesSearch-SwiftUI";
			productName = "iTunesSearch-SwiftUI";
			productReference = DE43A0B92AEA7CAA00F698F8 /* iTunesSearch-SwiftUI.app */;
			productType = "com.apple.product-type.application";
		};
/* End PBXNativeTarget section */

/* Begin PBXProject section */
		DE43A0B12AEA7CA900F698F8 /* Project object */ = {
			isa = PBXProject;
			attributes = {
				BuildIndependentTargetsInParallel = 1;
				LastSwiftUpdateCheck = 1500;
				LastUpgradeCheck = 1500;
				TargetAttributes = {
					DE43A0B82AEA7CAA00F698F8 = {
						CreatedOnToolsVersion = 15.0;
					};
				};
			};
			buildConfigurationList = DE43A0B42AEA7CA900F698F8 /* Build configuration list for PBXProject "iTunesSearch-SwiftUI" */;
			compatibilityVersion = "Xcode 14.0";
			developmentRegion = en;
			hasScannedForEncodings = 0;
			knownRegions = (
				en,
				Base,
			);
			mainGroup = DE43A0B02AEA7CA900F698F8;
			productRefGroup = DE43A0BA2AEA7CAA00F698F8 /* Products */;
			projectDirPath = "";
			projectRoot = "";
			targets = (
				DE43A0B82AEA7CAA00F698F8 /* iTunesSearch-SwiftUI */,
			);
		};
/* End PBXProject section */

/* Begin PBXResourcesBuildPhase section */
		DE43A0B72AEA7CAA00F698F8 /* Resources */ = {
			isa = PBXResourcesBuildPhase;
			buildActionMask = 2147483647;
			files = (
				DE43A0C42AEA7CAB00F698F8 /* Preview Assets.xcassets in Resources */,
				DE43A0C12AEA7CAB00F698F8 /* Assets.xcassets in Resources */,
			);
			runOnlyForDeploymentPostprocessing = 0;
		};
/* End PBXResourcesBuildPhase section */

/* Begin PBXSourcesBuildPhase section */
		DE43A0B52AEA7CAA00F698F8 /* Sources */ = {
			isa = PBXSourcesBuildPhase;
			buildActionMask = 2147483647;
			files = (
				DEA2FBB02B4596140027ED8E /* SearchAllListView.swift in Sources */,
				DD1A3EBE2B52BF720060B4E5 /* MovieSectionView.swift in Sources */,
				DE43A0D02AEA830300F698F8 /* AlbumListViewModel.swift in Sources */,
				DD1A3EC02B5420530060B4E5 /* SongSectionView.swift in Sources */,
				DD1A3E6A2B30DFAC0060B4E5 /* MovieSearchListView.swift in Sources */,
				DE32FB9D2B5180E800E57558 /* AsyncPhoto.swift in Sources */,
				DD1A3E632B30DBE20060B4E5 /* SongListViewModel.swift in Sources */,
				DD1A3E612B30DB870060B4E5 /* FetchState.swift in Sources */,
				DE43A0BF2AEA7CAA00F698F8 /* ContentView.swift in Sources */,
				DEA2FBAE2B3DB4F10027ED8E /* EntityType.swift in Sources */,
				DE43A0DD2AEFEDE800F698F8 /* AlbumSearchView.swift in Sources */,
				DE32FB992B514E9900E57558 /* PriceTag.swift in Sources */,
				DD1A3E652B30DD600060B4E5 /* MovieListViewModel.swift in Sources */,
				DE32FB9B2B514FDC00E57558 /* ItemInfo.swift in Sources */,
				DE43A0D42AEA84A400F698F8 /* Movie.swift in Sources */,
				DD1A3EC22B5427E60060B4E5 /* AlbumSectionView.swift in Sources */,
				DEA2FBB22B46F0090027ED8E /* SongListView.swift in Sources */,
				DEA2FBB42B46F0390027ED8E /* SongSearchView.swift in Sources */,
				DE43A0BD2AEA7CAA00F698F8 /* iTunesSearch_SwiftUIApp.swift in Sources */,
				DE43A0CE2AEA820200F698F8 /* Album.swift in Sources */,
				DD1A3E5F2B2F14A40060B4E5 /* APIService.swift in Sources */,
				DE43A0D22AEA846000F698F8 /* Song.swift in Sources */,
				DEA1C3DC2B4BE0C40089FCAF /* SearchPlaceHolderView.swift in Sources */,
				DEA2FBAC2B3DB4080027ED8E /* SearchView.swift in Sources */,
				DE43A0D62AEA88E200F698F8 /* AlbumListView.swift in Sources */,
				DD35E4E42AF7D2B6005690F9 /* APIError.swift in Sources */,
				DD1A3E6C2B30E0940060B4E5 /* MovieListView.swift in Sources */,
			);
			runOnlyForDeploymentPostprocessing = 0;
		};
/* End PBXSourcesBuildPhase section */

/* Begin XCBuildConfiguration section */
		DE43A0C52AEA7CAB00F698F8 /* Debug */ = {
			isa = XCBuildConfiguration;
			buildSettings = {
				ALWAYS_SEARCH_USER_PATHS = NO;
				ASSETCATALOG_COMPILER_GENERATE_SWIFT_ASSET_SYMBOL_EXTENSIONS = YES;
				CLANG_ANALYZER_NONNULL = YES;
				CLANG_ANALYZER_NUMBER_OBJECT_CONVERSION = YES_AGGRESSIVE;
				CLANG_CXX_LANGUAGE_STANDARD = "gnu++20";
				CLANG_ENABLE_MODULES = YES;
				CLANG_ENABLE_OBJC_ARC = YES;
				CLANG_ENABLE_OBJC_WEAK = YES;
				CLANG_WARN_BLOCK_CAPTURE_AUTORELEASING = YES;
				CLANG_WARN_BOOL_CONVERSION = YES;
				CLANG_WARN_COMMA = YES;
				CLANG_WARN_CONSTANT_CONVERSION = YES;
				CLANG_WARN_DEPRECATED_OBJC_IMPLEMENTATIONS = YES;
				CLANG_WARN_DIRECT_OBJC_ISA_USAGE = YES_ERROR;
				CLANG_WARN_DOCUMENTATION_COMMENTS = YES;
				CLANG_WARN_EMPTY_BODY = YES;
				CLANG_WARN_ENUM_CONVERSION = YES;
				CLANG_WARN_INFINITE_RECURSION = YES;
				CLANG_WARN_INT_CONVERSION = YES;
				CLANG_WARN_NON_LITERAL_NULL_CONVERSION = YES;
				CLANG_WARN_OBJC_IMPLICIT_RETAIN_SELF = YES;
				CLANG_WARN_OBJC_LITERAL_CONVERSION = YES;
				CLANG_WARN_OBJC_ROOT_CLASS = YES_ERROR;
				CLANG_WARN_QUOTED_INCLUDE_IN_FRAMEWORK_HEADER = YES;
				CLANG_WARN_RANGE_LOOP_ANALYSIS = YES;
				CLANG_WARN_STRICT_PROTOTYPES = YES;
				CLANG_WARN_SUSPICIOUS_MOVE = YES;
				CLANG_WARN_UNGUARDED_AVAILABILITY = YES_AGGRESSIVE;
				CLANG_WARN_UNREACHABLE_CODE = YES;
				CLANG_WARN__DUPLICATE_METHOD_MATCH = YES;
				COPY_PHASE_STRIP = NO;
				DEBUG_INFORMATION_FORMAT = dwarf;
				ENABLE_STRICT_OBJC_MSGSEND = YES;
				ENABLE_TESTABILITY = YES;
				ENABLE_USER_SCRIPT_SANDBOXING = YES;
				GCC_C_LANGUAGE_STANDARD = gnu17;
				GCC_DYNAMIC_NO_PIC = NO;
				GCC_NO_COMMON_BLOCKS = YES;
				GCC_OPTIMIZATION_LEVEL = 0;
				GCC_PREPROCESSOR_DEFINITIONS = (
					"DEBUG=1",
					"$(inherited)",
				);
				GCC_WARN_64_TO_32_BIT_CONVERSION = YES;
				GCC_WARN_ABOUT_RETURN_TYPE = YES_ERROR;
				GCC_WARN_UNDECLARED_SELECTOR = YES;
				GCC_WARN_UNINITIALIZED_AUTOS = YES_AGGRESSIVE;
				GCC_WARN_UNUSED_FUNCTION = YES;
				GCC_WARN_UNUSED_VARIABLE = YES;
				IPHONEOS_DEPLOYMENT_TARGET = 17.0;
				LOCALIZATION_PREFERS_STRING_CATALOGS = YES;
				MTL_ENABLE_DEBUG_INFO = INCLUDE_SOURCE;
				MTL_FAST_MATH = YES;
				ONLY_ACTIVE_ARCH = YES;
				SDKROOT = iphoneos;
				SWIFT_ACTIVE_COMPILATION_CONDITIONS = "DEBUG $(inherited)";
				SWIFT_OPTIMIZATION_LEVEL = "-Onone";
			};
			name = Debug;
		};
		DE43A0C62AEA7CAB00F698F8 /* Release */ = {
			isa = XCBuildConfiguration;
			buildSettings = {
				ALWAYS_SEARCH_USER_PATHS = NO;
				ASSETCATALOG_COMPILER_GENERATE_SWIFT_ASSET_SYMBOL_EXTENSIONS = YES;
				CLANG_ANALYZER_NONNULL = YES;
				CLANG_ANALYZER_NUMBER_OBJECT_CONVERSION = YES_AGGRESSIVE;
				CLANG_CXX_LANGUAGE_STANDARD = "gnu++20";
				CLANG_ENABLE_MODULES = YES;
				CLANG_ENABLE_OBJC_ARC = YES;
				CLANG_ENABLE_OBJC_WEAK = YES;
				CLANG_WARN_BLOCK_CAPTURE_AUTORELEASING = YES;
				CLANG_WARN_BOOL_CONVERSION = YES;
				CLANG_WARN_COMMA = YES;
				CLANG_WARN_CONSTANT_CONVERSION = YES;
				CLANG_WARN_DEPRECATED_OBJC_IMPLEMENTATIONS = YES;
				CLANG_WARN_DIRECT_OBJC_ISA_USAGE = YES_ERROR;
				CLANG_WARN_DOCUMENTATION_COMMENTS = YES;
				CLANG_WARN_EMPTY_BODY = YES;
				CLANG_WARN_ENUM_CONVERSION = YES;
				CLANG_WARN_INFINITE_RECURSION = YES;
				CLANG_WARN_INT_CONVERSION = YES;
				CLANG_WARN_NON_LITERAL_NULL_CONVERSION = YES;
				CLANG_WARN_OBJC_IMPLICIT_RETAIN_SELF = YES;
				CLANG_WARN_OBJC_LITERAL_CONVERSION = YES;
				CLANG_WARN_OBJC_ROOT_CLASS = YES_ERROR;
				CLANG_WARN_QUOTED_INCLUDE_IN_FRAMEWORK_HEADER = YES;
				CLANG_WARN_RANGE_LOOP_ANALYSIS = YES;
				CLANG_WARN_STRICT_PROTOTYPES = YES;
				CLANG_WARN_SUSPICIOUS_MOVE = YES;
				CLANG_WARN_UNGUARDED_AVAILABILITY = YES_AGGRESSIVE;
				CLANG_WARN_UNREACHABLE_CODE = YES;
				CLANG_WARN__DUPLICATE_METHOD_MATCH = YES;
				COPY_PHASE_STRIP = NO;
				DEBUG_INFORMATION_FORMAT = "dwarf-with-dsym";
				ENABLE_NS_ASSERTIONS = NO;
				ENABLE_STRICT_OBJC_MSGSEND = YES;
				ENABLE_USER_SCRIPT_SANDBOXING = YES;
				GCC_C_LANGUAGE_STANDARD = gnu17;
				GCC_NO_COMMON_BLOCKS = YES;
				GCC_WARN_64_TO_32_BIT_CONVERSION = YES;
				GCC_WARN_ABOUT_RETURN_TYPE = YES_ERROR;
				GCC_WARN_UNDECLARED_SELECTOR = YES;
				GCC_WARN_UNINITIALIZED_AUTOS = YES_AGGRESSIVE;
				GCC_WARN_UNUSED_FUNCTION = YES;
				GCC_WARN_UNUSED_VARIABLE = YES;
				IPHONEOS_DEPLOYMENT_TARGET = 17.0;
				LOCALIZATION_PREFERS_STRING_CATALOGS = YES;
				MTL_ENABLE_DEBUG_INFO = NO;
				MTL_FAST_MATH = YES;
				SDKROOT = iphoneos;
				SWIFT_COMPILATION_MODE = wholemodule;
				VALIDATE_PRODUCT = YES;
			};
			name = Release;
		};
		DE43A0C82AEA7CAB00F698F8 /* Debug */ = {
			isa = XCBuildConfiguration;
			buildSettings = {
				ASSETCATALOG_COMPILER_APPICON_NAME = AppIcon;
				ASSETCATALOG_COMPILER_GLOBAL_ACCENT_COLOR_NAME = AccentColor;
				CODE_SIGN_STYLE = Automatic;
				CURRENT_PROJECT_VERSION = 1;
				DEVELOPMENT_ASSET_PATHS = "\"iTunesSearch-SwiftUI/Preview Content\"";
				DEVELOPMENT_TEAM = JKQNUCPDQL;
				ENABLE_PREVIEWS = YES;
				GENERATE_INFOPLIST_FILE = YES;
				INFOPLIST_KEY_UIApplicationSceneManifest_Generation = YES;
				INFOPLIST_KEY_UIApplicationSupportsIndirectInputEvents = YES;
				INFOPLIST_KEY_UILaunchScreen_Generation = YES;
				INFOPLIST_KEY_UISupportedInterfaceOrientations_iPad = "UIInterfaceOrientationPortrait UIInterfaceOrientationPortraitUpsideDown UIInterfaceOrientationLandscapeLeft UIInterfaceOrientationLandscapeRight";
				INFOPLIST_KEY_UISupportedInterfaceOrientations_iPhone = "UIInterfaceOrientationPortrait UIInterfaceOrientationLandscapeLeft UIInterfaceOrientationLandscapeRight";
				IPHONEOS_DEPLOYMENT_TARGET = 15.0;
				LD_RUNPATH_SEARCH_PATHS = (
					"$(inherited)",
					"@executable_path/Frameworks",
				);
				MARKETING_VERSION = 1.0;
				PRODUCT_BUNDLE_IDENTIFIER = "com.agorkem.iTunesSearch-SwiftUI";
				PRODUCT_NAME = "$(TARGET_NAME)";
				SWIFT_EMIT_LOC_STRINGS = YES;
				SWIFT_VERSION = 5.0;
				TARGETED_DEVICE_FAMILY = "1,2";
			};
			name = Debug;
		};
		DE43A0C92AEA7CAB00F698F8 /* Release */ = {
			isa = XCBuildConfiguration;
			buildSettings = {
				ASSETCATALOG_COMPILER_APPICON_NAME = AppIcon;
				ASSETCATALOG_COMPILER_GLOBAL_ACCENT_COLOR_NAME = AccentColor;
				CODE_SIGN_STYLE = Automatic;
				CURRENT_PROJECT_VERSION = 1;
				DEVELOPMENT_ASSET_PATHS = "\"iTunesSearch-SwiftUI/Preview Content\"";
				DEVELOPMENT_TEAM = JKQNUCPDQL;
				ENABLE_PREVIEWS = YES;
				GENERATE_INFOPLIST_FILE = YES;
				INFOPLIST_KEY_UIApplicationSceneManifest_Generation = YES;
				INFOPLIST_KEY_UIApplicationSupportsIndirectInputEvents = YES;
				INFOPLIST_KEY_UILaunchScreen_Generation = YES;
				INFOPLIST_KEY_UISupportedInterfaceOrientations_iPad = "UIInterfaceOrientationPortrait UIInterfaceOrientationPortraitUpsideDown UIInterfaceOrientationLandscapeLeft UIInterfaceOrientationLandscapeRight";
				INFOPLIST_KEY_UISupportedInterfaceOrientations_iPhone = "UIInterfaceOrientationPortrait UIInterfaceOrientationLandscapeLeft UIInterfaceOrientationLandscapeRight";
				IPHONEOS_DEPLOYMENT_TARGET = 15.0;
				LD_RUNPATH_SEARCH_PATHS = (
					"$(inherited)",
					"@executable_path/Frameworks",
				);
				MARKETING_VERSION = 1.0;
				PRODUCT_BUNDLE_IDENTIFIER = "com.agorkem.iTunesSearch-SwiftUI";
				PRODUCT_NAME = "$(TARGET_NAME)";
				SWIFT_EMIT_LOC_STRINGS = YES;
				SWIFT_VERSION = 5.0;
				TARGETED_DEVICE_FAMILY = "1,2";
			};
			name = Release;
		};
/* End XCBuildConfiguration section */

/* Begin XCConfigurationList section */
		DE43A0B42AEA7CA900F698F8 /* Build configuration list for PBXProject "iTunesSearch-SwiftUI" */ = {
			isa = XCConfigurationList;
			buildConfigurations = (
				DE43A0C52AEA7CAB00F698F8 /* Debug */,
				DE43A0C62AEA7CAB00F698F8 /* Release */,
			);
			defaultConfigurationIsVisible = 0;
			defaultConfigurationName = Release;
		};
		DE43A0C72AEA7CAB00F698F8 /* Build configuration list for PBXNativeTarget "iTunesSearch-SwiftUI" */ = {
			isa = XCConfigurationList;
			buildConfigurations = (
				DE43A0C82AEA7CAB00F698F8 /* Debug */,
				DE43A0C92AEA7CAB00F698F8 /* Release */,
			);
			defaultConfigurationIsVisible = 0;
			defaultConfigurationName = Release;
		};
/* End XCConfigurationList section */
	};
	rootObject = DE43A0B12AEA7CA900F698F8 /* Project object */;
}
